
Microsoft Visual Studio Solution File, Format Version 12.00
# Visual Studio 15
VisualStudioVersion = 15.0.28010.2041
MinimumVisualStudioVersion = 10.0.40219.1
Project("{9A19103F-16F7-4668-BE54-9A1E7A4F7556}") = "Brematic.Net", "src\Brematic.Net\Brematic.Net.csproj", "{AB55CB3E-977B-4101-9419-13F866F8D6D2}"
EndProject
Project("{2150E333-8FDC-42A3-9474-1A3956D46DE8}") = "tests", "tests", "{C4A1C06F-9D6D-40C5-95A2-18D2B129618B}"
EndProject
Project("{9A19103F-16F7-4668-BE54-9A1E7A4F7556}") = "Brematic.Net.Tests", "tests\Brematic.Net.Tests\Brematic.Net.Tests.csproj", "{65E659DB-34CD-4961-990F-2463DE6B096B}"
EndProject
Project("{2150E333-8FDC-42A3-9474-1A3956D46DE8}") = "samples", "samples", "{CC115A2C-A9E5-44AC-8002-8E0E5309C130}"
EndProject
Project("{9A19103F-16F7-4668-BE54-9A1E7A4F7556}") = "Brematic.Net.ConsoleSample", "samples\Brematic.Net.ConsoleSample\Brematic.Net.ConsoleSample.csproj", "{D5A85DD6-403B-4192-832C-C091D7E99BB9}"
EndProject
Project("{2150E333-8FDC-42A3-9474-1A3956D46DE8}") = "build", "build", "{DF01CFE1-FFF5-4F74-826D-277F6B10940E}"
	ProjectSection(SolutionItems) = preProject
		appveyor.yml = appveyor.yml
		build.cake = build.cake
		build.ps1 = build.ps1
		build.sh = build.sh
		build\dotnet-install.ps1 = build\dotnet-install.ps1
		GitVersion.yml = GitVersion.yml
	EndProjectSection
EndProject
Project("{2150E333-8FDC-42A3-9474-1A3956D46DE8}") = "misc", "misc", "{2B9E1917-BA46-4ECA-A236-3E6E22BEE636}"
	ProjectSection(SolutionItems) = preProject
		LICENSE = LICENSE
		README.md = README.md
	EndProjectSection
EndProject
Global
	GlobalSection(SolutionConfigurationPlatforms) = preSolution
		Debug|Any CPU = Debug|Any CPU
		Release|Any CPU = Release|Any CPU
	EndGlobalSection
	GlobalSection(ProjectConfigurationPlatforms) = postSolution
		{AB55CB3E-977B-4101-9419-13F866F8D6D2}.Debug|Any CPU.ActiveCfg = Debug|Any CPU
		{AB55CB3E-977B-4101-9419-13F866F8D6D2}.Debug|Any CPU.Build.0 = Debug|Any CPU
		{AB55CB3E-977B-4101-9419-13F866F8D6D2}.Release|Any CPU.ActiveCfg = Release|Any CPU
		{AB55CB3E-977B-4101-9419-13F866F8D6D2}.Release|Any CPU.Build.0 = Release|Any CPU
		{65E659DB-34CD-4961-990F-2463DE6B096B}.Debug|Any CPU.ActiveCfg = Debug|Any CPU
		{65E659DB-34CD-4961-990F-2463DE6B096B}.Debug|Any CPU.Build.0 = Debug|Any CPU
		{65E659DB-34CD-4961-990F-2463DE6B096B}.Release|Any CPU.ActiveCfg = Release|Any CPU
		{65E659DB-34CD-4961-990F-2463DE6B096B}.Release|Any CPU.Build.0 = Release|Any CPU
		{D5A85DD6-403B-4192-832C-C091D7E99BB9}.Debug|Any CPU.ActiveCfg = Debug|Any CPU
		{D5A85DD6-403B-4192-832C-C091D7E99BB9}.Debug|Any CPU.Build.0 = Debug|Any CPU
		{D5A85DD6-403B-4192-832C-C091D7E99BB9}.Release|Any CPU.ActiveCfg = Release|Any CPU
		{D5A85DD6-403B-4192-832C-C091D7E99BB9}.Release|Any CPU.Build.0 = Release|Any CPU
	EndGlobalSection
	GlobalSection(SolutionProperties) = preSolution
		HideSolutionNode = FALSE
	EndGlobalSection
	GlobalSection(NestedProjects) = preSolution
		{65E659DB-34CD-4961-990F-2463DE6B096B} = {C4A1C06F-9D6D-40C5-95A2-18D2B129618B}
		{D5A85DD6-403B-4192-832C-C091D7E99BB9} = {CC115A2C-A9E5-44AC-8002-8E0E5309C130}
	EndGlobalSection
	GlobalSection(ExtensibilityGlobals) = postSolution
		SolutionGuid = {80F2A93D-9921-4E99-984F-B43C220A64A5}
	EndGlobalSection
EndGlobal
